
Microsoft Visual Studio Solution File, Format Version 12.00
# Visual Studio Version 17
VisualStudioVersion = 17.7.34202.233
MinimumVisualStudioVersion = 10.0.40219.1
Project("{FAE04EC0-301F-11D3-BF4B-00C04F79EFBC}") = "Project_employee1", "Project_employee1.csproj", "{454ABF4A-35A5-41D6-87F2-E8B52D3022A7}"
EndProject
Project("{FAE04EC0-301F-11D3-BF4B-00C04F79EFBC}") = "classModel", "..\classModel\classModel.csproj", "{83C38095-7EF3-4055-9008-BB6B2A2C7695}"
EndProject
Project("{FAE04EC0-301F-11D3-BF4B-00C04F79EFBC}") = "Data_Access_Layer_Library1", "..\Data_Access_Layer_Library1\Data_Access_Layer_Library1.csproj", "{70BBAC56-E8DF-470B-B8E6-1FF32C4E41FC}"
EndProject
Project("{FAE04EC0-301F-11D3-BF4B-00C04F79EFBC}") = "BusinessAccessLayer", "..\BusinessAccessLayer\BusinessAccessLayer.csproj", "{D7C153BA-A090-44EE-8C11-9013AF6D1D92}"
EndProject
Project("{FAE04EC0-301F-11D3-BF4B-00C04F79EFBC}") = "Class_ Library_ Menu", "..\Class Library Menu\Class_ Library_ Menu.csproj", "{8283F30D-11FC-4C19-9766-8A6EA7777C66}"
EndProject
Global
	GlobalSection(SolutionConfigurationPlatforms) = preSolution
		Debug|Any CPU = Debug|Any CPU
		Release|Any CPU = Release|Any CPU
	EndGlobalSection
	GlobalSection(ProjectConfigurationPlatforms) = postSolution
		{454ABF4A-35A5-41D6-87F2-E8B52D3022A7}.Debug|Any CPU.ActiveCfg = Debug|Any CPU
		{454ABF4A-35A5-41D6-87F2-E8B52D3022A7}.Debug|Any CPU.Build.0 = Debug|Any CPU
		{454ABF4A-35A5-41D6-87F2-E8B52D3022A7}.Release|Any CPU.ActiveCfg = Release|Any CPU
		{454ABF4A-35A5-41D6-87F2-E8B52D3022A7}.Release|Any CPU.Build.0 = Release|Any CPU
		{83C38095-7EF3-4055-9008-BB6B2A2C7695}.Debug|Any CPU.ActiveCfg = Debug|Any CPU
		{83C38095-7EF3-4055-9008-BB6B2A2C7695}.Debug|Any CPU.Build.0 = Debug|Any CPU
		{83C38095-7EF3-4055-9008-BB6B2A2C7695}.Release|Any CPU.ActiveCfg = Release|Any CPU
		{83C38095-7EF3-4055-9008-BB6B2A2C7695}.Release|Any CPU.Build.0 = Release|Any CPU
		{70BBAC56-E8DF-470B-B8E6-1FF32C4E41FC}.Debug|Any CPU.ActiveCfg = Debug|Any CPU
		{70BBAC56-E8DF-470B-B8E6-1FF32C4E41FC}.Debug|Any CPU.Build.0 = Debug|Any CPU
		{70BBAC56-E8DF-470B-B8E6-1FF32C4E41FC}.Release|Any CPU.ActiveCfg = Release|Any CPU
		{70BBAC56-E8DF-470B-B8E6-1FF32C4E41FC}.Release|Any CPU.Build.0 = Release|Any CPU
		{D7C153BA-A090-44EE-8C11-9013AF6D1D92}.Debug|Any CPU.ActiveCfg = Debug|Any CPU
		{D7C153BA-A090-44EE-8C11-9013AF6D1D92}.Debug|Any CPU.Build.0 = Debug|Any CPU
		{D7C153BA-A090-44EE-8C11-9013AF6D1D92}.Release|Any CPU.ActiveCfg = Release|Any CPU
		{D7C153BA-A090-44EE-8C11-9013AF6D1D92}.Release|Any CPU.Build.0 = Release|Any CPU
		{8283F30D-11FC-4C19-9766-8A6EA7777C66}.Debug|Any CPU.ActiveCfg = Debug|Any CPU
		{8283F30D-11FC-4C19-9766-8A6EA7777C66}.Debug|Any CPU.Build.0 = Debug|Any CPU
		{8283F30D-11FC-4C19-9766-8A6EA7777C66}.Release|Any CPU.ActiveCfg = Release|Any CPU
		{8283F30D-11FC-4C19-9766-8A6EA7777C66}.Release|Any CPU.Build.0 = Release|Any CPU
	EndGlobalSection
	GlobalSection(SolutionProperties) = preSolution
		HideSolutionNode = FALSE
	EndGlobalSection
	GlobalSection(ExtensibilityGlobals) = postSolution
		SolutionGuid = {E92F9BB3-DA9D-4426-B52C-5A9B43ED4B27}
	EndGlobalSection
EndGlobal
